
Microsoft Visual Studio Solution File, Format Version 12.00
# Visual Studio 2012
Project("{8BC9CEB8-8B4A-11D0-8D11-00A0C91BC942}") = "AppleStock", "AppleStock\AppleStock.vcxproj", "{B32817D0-9577-440F-8F1C-C614488C87A5}"
EndProject
Project("{8BC9CEB8-8B4A-11D0-8D11-00A0C91BC942}") = "UnitTest1", "UnitTest1\UnitTest1.vcxproj", "{6B23920F-45FE-4C56-889F-FB1C8C3CAE51}"
EndProject
Global
	GlobalSection(SolutionConfigurationPlatforms) = preSolution
		Debug|Win32 = Debug|Win32
		Release|Win32 = Release|Win32
	EndGlobalSection
	GlobalSection(ProjectConfigurationPlatforms) = postSolution
		{B32817D0-9577-440F-8F1C-C614488C87A5}.Debug|Win32.ActiveCfg = Debug|Win32
		{B32817D0-9577-440F-8F1C-C614488C87A5}.Debug|Win32.Build.0 = Debug|Win32
		{B32817D0-9577-440F-8F1C-C614488C87A5}.Release|Win32.ActiveCfg = Release|Win32
		{B32817D0-9577-440F-8F1C-C614488C87A5}.Release|Win32.Build.0 = Release|Win32
		{6B23920F-45FE-4C56-889F-FB1C8C3CAE51}.Debug|Win32.ActiveCfg = Debug|Win32
		{6B23920F-45FE-4C56-889F-FB1C8C3CAE51}.Debug|Win32.Build.0 = Debug|Win32
		{6B23920F-45FE-4C56-889F-FB1C8C3CAE51}.Release|Win32.ActiveCfg = Release|Win32
		{6B23920F-45FE-4C56-889F-FB1C8C3CAE51}.Release|Win32.Build.0 = Release|Win32
	EndGlobalSection
	GlobalSection(SolutionProperties) = preSolution
		HideSolutionNode = FALSE
	EndGlobalSection
EndGlobal
